// !$*UTF8*$!
{
	archiveVersion = 1;
	classes = {
	};
	objectVersion = 46;
	objects = {

/* Begin PBXBuildFile section */
		180C186A51BDA554FA1951BD /* Pods_BicycleNew.framework in Frameworks */ = {isa = PBXBuildFile; fileRef = 33ACA3B7834DE76CCC1F7047 /* Pods_BicycleNew.framework */; };
		280372041DF027DE00FDCC47 /* Item.swift in Sources */ = {isa = PBXBuildFile; fileRef = 280372031DF027DE00FDCC47 /* Item.swift */; };
		280372061DF0280300FDCC47 /* ItemAddress.swift in Sources */ = {isa = PBXBuildFile; fileRef = 280372051DF0280300FDCC47 /* ItemAddress.swift */; };
		280372081DF0282600FDCC47 /* SearchKMA.swift in Sources */ = {isa = PBXBuildFile; fileRef = 280372071DF0282600FDCC47 /* SearchKMA.swift */; };
		2803720A1DF028C200FDCC47 /* ItemRSS.swift in Sources */ = {isa = PBXBuildFile; fileRef = 280372091DF028C200FDCC47 /* ItemRSS.swift */; };
		2803720C1DF029C700FDCC47 /* SearchAddress.swift in Sources */ = {isa = PBXBuildFile; fileRef = 2803720B1DF029C700FDCC47 /* SearchAddress.swift */; };
		2803720E1DF02A1700FDCC47 /* BicycleAlertViewControllerExtension.swift in Sources */ = {isa = PBXBuildFile; fileRef = 2803720D1DF02A1700FDCC47 /* BicycleAlertViewControllerExtension.swift */; };
		280FE4341DFE554C004383F2 /* BicycleRecommendTableViewController.swift in Sources */ = {isa = PBXBuildFile; fileRef = 280FE4331DFE554C004383F2 /* BicycleRecommendTableViewController.swift */; };
		280FE4361DFE5C07004383F2 /* BicycleRecommendTableViewCell.swift in Sources */ = {isa = PBXBuildFile; fileRef = 280FE4351DFE5C07004383F2 /* BicycleRecommendTableViewCell.swift */; };
		280FE4381DFE939E004383F2 /* BicycleJoinViewController.swift in Sources */ = {isa = PBXBuildFile; fileRef = 280FE4371DFE939E004383F2 /* BicycleJoinViewController.swift */; };
		280FE43A1DFE9577004383F2 /* BicycleAlertViewController.swift in Sources */ = {isa = PBXBuildFile; fileRef = 280FE4391DFE9577004383F2 /* BicycleAlertViewController.swift */; };
		280FE43C1DFE9A85004383F2 /* BicycleLoginViewController.swift in Sources */ = {isa = PBXBuildFile; fileRef = 280FE43B1DFE9A85004383F2 /* BicycleLoginViewController.swift */; };
		2811F4801DF7F97D004D118A /* BicycleStringExtension.swift in Sources */ = {isa = PBXBuildFile; fileRef = 2811F47F1DF7F97D004D118A /* BicycleStringExtension.swift */; };
		283C6F801E00F88300F33287 /* HeadingAngleSmall.png in Resources */ = {isa = PBXBuildFile; fileRef = 283C6F731E00F88300F33287 /* HeadingAngleSmall.png */; };
		283C6F811E00F88300F33287 /* HeadingAngleSmall@2x.png in Resources */ = {isa = PBXBuildFile; fileRef = 283C6F741E00F88300F33287 /* HeadingAngleSmall@2x.png */; };
		283C6F821E00F88300F33287 /* icon_clustering.png in Resources */ = {isa = PBXBuildFile; fileRef = 283C6F751E00F88300F33287 /* icon_clustering.png */; };
		283C6F831E00F88300F33287 /* icon_clustering@2x.png in Resources */ = {isa = PBXBuildFile; fileRef = 283C6F761E00F88300F33287 /* icon_clustering@2x.png */; };
		283C6F841E00F88300F33287 /* mapbg_tlogo.png in Resources */ = {isa = PBXBuildFile; fileRef = 283C6F771E00F88300F33287 /* mapbg_tlogo.png */; };
		283C6F851E00F88300F33287 /* mapbg_tlogo@2x.png in Resources */ = {isa = PBXBuildFile; fileRef = 283C6F781E00F88300F33287 /* mapbg_tlogo@2x.png */; };
		283C6F861E00F88300F33287 /* poweredby.png in Resources */ = {isa = PBXBuildFile; fileRef = 283C6F791E00F88300F33287 /* poweredby.png */; };
		283C6F871E00F88300F33287 /* poweredby@2x.png in Resources */ = {isa = PBXBuildFile; fileRef = 283C6F7A1E00F88300F33287 /* poweredby@2x.png */; };
		283C6F881E00F88300F33287 /* TrackingDot.png in Resources */ = {isa = PBXBuildFile; fileRef = 283C6F7B1E00F88300F33287 /* TrackingDot.png */; };
		283C6F891E00F88300F33287 /* TrackingDot@2x.png in Resources */ = {isa = PBXBuildFile; fileRef = 283C6F7C1E00F88300F33287 /* TrackingDot@2x.png */; };
		283C6F8A1E00F88300F33287 /* TrackingDotHalo.png in Resources */ = {isa = PBXBuildFile; fileRef = 283C6F7D1E00F88300F33287 /* TrackingDotHalo.png */; };
		283C6F8B1E00F88300F33287 /* TrackingDotHalo@2x.png in Resources */ = {isa = PBXBuildFile; fileRef = 283C6F7E1E00F88300F33287 /* TrackingDotHalo@2x.png */; };
		283C6F8C1E00F88300F33287 /* TopLib_Op.a in Frameworks */ = {isa = PBXBuildFile; fileRef = 283C6F7F1E00F88300F33287 /* TopLib_Op.a */; };
		2851D2321DF03E7F00A1FC5D /* DaumMap.framework in Frameworks */ = {isa = PBXBuildFile; fileRef = 2851D2301DF03E7F00A1FC5D /* DaumMap.framework */; };
		2851D2331DF03E7F00A1FC5D /* KakaoOpenSDK.framework in Frameworks */ = {isa = PBXBuildFile; fileRef = 2851D2311DF03E7F00A1FC5D /* KakaoOpenSDK.framework */; };
		2851D2351DF03ED100A1FC5D /* OpenGLES.framework in Frameworks */ = {isa = PBXBuildFile; fileRef = 2851D2341DF03ED100A1FC5D /* OpenGLES.framework */; };
		2851D2371DF03EDD00A1FC5D /* SystemConfiguration.framework in Frameworks */ = {isa = PBXBuildFile; fileRef = 2851D2361DF03EDD00A1FC5D /* SystemConfiguration.framework */; };
		2851D2391DF03EE500A1FC5D /* CoreLocation.framework in Frameworks */ = {isa = PBXBuildFile; fileRef = 2851D2381DF03EE500A1FC5D /* CoreLocation.framework */; };
		2851D23B1DF03EED00A1FC5D /* QuartzCore.framework in Frameworks */ = {isa = PBXBuildFile; fileRef = 2851D23A1DF03EED00A1FC5D /* QuartzCore.framework */; };
		2851D23D1DF03EFA00A1FC5D /* libstdc++.6.tbd in Frameworks */ = {isa = PBXBuildFile; fileRef = 2851D23C1DF03EFA00A1FC5D /* libstdc++.6.tbd */; };
		2851D23F1DF03EFF00A1FC5D /* libxml2.tbd in Frameworks */ = {isa = PBXBuildFile; fileRef = 2851D23E1DF03EFF00A1FC5D /* libxml2.tbd */; };
		2851D2411DF03F0800A1FC5D /* libsqlite3.tbd in Frameworks */ = {isa = PBXBuildFile; fileRef = 2851D2401DF03F0800A1FC5D /* libsqlite3.tbd */; };
		2851D2431DF03F0E00A1FC5D /* MapKit.framework in Frameworks */ = {isa = PBXBuildFile; fileRef = 2851D2421DF03F0E00A1FC5D /* MapKit.framework */; };
		2851D2451DF03FCA00A1FC5D /* BicycleConstants.swift in Sources */ = {isa = PBXBuildFile; fileRef = 2851D2441DF03FCA00A1FC5D /* BicycleConstants.swift */; };
		2853AAE01E053F0B00676DB6 /* UICertificationTableViewController.swift in Sources */ = {isa = PBXBuildFile; fileRef = 2853AADF1E053F0B00676DB6 /* UICertificationTableViewController.swift */; };
		2853AAE21E05420500676DB6 /* UICertificationTableViewCell.swift in Sources */ = {isa = PBXBuildFile; fileRef = 2853AAE11E05420500676DB6 /* UICertificationTableViewCell.swift */; };
		286C8CC71DF523E900D1717B /* BicycleMapViewController.swift in Sources */ = {isa = PBXBuildFile; fileRef = 286C8CC61DF523E900D1717B /* BicycleMapViewController.swift */; };
		287B24881DEED72600D654AA /* AppDelegate.swift in Sources */ = {isa = PBXBuildFile; fileRef = 287B24871DEED72600D654AA /* AppDelegate.swift */; };
		287B248A1DEED72600D654AA /* ViewController.swift in Sources */ = {isa = PBXBuildFile; fileRef = 287B24891DEED72600D654AA /* ViewController.swift */; };
		287B248D1DEED72600D654AA /* Main.storyboard in Resources */ = {isa = PBXBuildFile; fileRef = 287B248B1DEED72600D654AA /* Main.storyboard */; };
		287B248F1DEED72600D654AA /* Assets.xcassets in Resources */ = {isa = PBXBuildFile; fileRef = 287B248E1DEED72600D654AA /* Assets.xcassets */; };
		287B24921DEED72600D654AA /* LaunchScreen.storyboard in Resources */ = {isa = PBXBuildFile; fileRef = 287B24901DEED72600D654AA /* LaunchScreen.storyboard */; };
		287B249C1DEED78E00D654AA /* SWRevealViewController.m in Sources */ = {isa = PBXBuildFile; fileRef = 287B249B1DEED78E00D654AA /* SWRevealViewController.m */; };
		287B24A51DEEDE9500D654AA /* BicycleNavigationControllerExtension.swift in Sources */ = {isa = PBXBuildFile; fileRef = 287B24A41DEEDE9500D654AA /* BicycleNavigationControllerExtension.swift */; };
		287B24A71DEEDFF100D654AA /* BicycleMainViewController.swift in Sources */ = {isa = PBXBuildFile; fileRef = 287B24A61DEEDFF100D654AA /* BicycleMainViewController.swift */; };
		287B24AB1DEEE4A200D654AA /* BicycleRevealMenuTableViewController.swift in Sources */ = {isa = PBXBuildFile; fileRef = 287B24AA1DEEE4A200D654AA /* BicycleRevealMenuTableViewController.swift */; };
		287B24AD1DEEE67D00D654AA /* BicycleTabBarController.swift in Sources */ = {isa = PBXBuildFile; fileRef = 287B24AC1DEEE67D00D654AA /* BicycleTabBarController.swift */; };
		287BD4A01DF6AFB000257F48 /* SearchKeyword.swift in Sources */ = {isa = PBXBuildFile; fileRef = 287BD49F1DF6AFB000257F48 /* SearchKeyword.swift */; };
		28881D761DFBDD32001C0CDE /* BicycleAVCameraViewController.swift in Sources */ = {isa = PBXBuildFile; fileRef = 28881D751DFBDD32001C0CDE /* BicycleAVCameraViewController.swift */; };
		28881D781DFBDD41001C0CDE /* BicycleCertificationViewController.swift in Sources */ = {isa = PBXBuildFile; fileRef = 28881D771DFBDD41001C0CDE /* BicycleCertificationViewController.swift */; };
		28C1A3B71DF2B187003B1068 /* BicycleMenuTableViewController.swift in Sources */ = {isa = PBXBuildFile; fileRef = 28C1A3B61DF2B187003B1068 /* BicycleMenuTableViewController.swift */; };
		28D2F8471DF186E200F59A7B /* BicycleManagerHolder.swift in Sources */ = {isa = PBXBuildFile; fileRef = 28D2F8461DF186E200F59A7B /* BicycleManagerHolder.swift */; };
		28F087F91DFF9F1D00EEAF32 /* SearchRoad.swift in Sources */ = {isa = PBXBuildFile; fileRef = 28F087F81DFF9F1D00EEAF32 /* SearchRoad.swift */; };
		28F087FB1DFF9F6900EEAF32 /* ItemRoad.swift in Sources */ = {isa = PBXBuildFile; fileRef = 28F087FA1DFF9F6900EEAF32 /* ItemRoad.swift */; };
/* End PBXBuildFile section */

/* Begin PBXFileReference section */
		280372031DF027DE00FDCC47 /* Item.swift */ = {isa = PBXFileReference; fileEncoding = 4; lastKnownFileType = sourcecode.swift; path = Item.swift; sourceTree = "<group>"; };
		280372051DF0280300FDCC47 /* ItemAddress.swift */ = {isa = PBXFileReference; fileEncoding = 4; lastKnownFileType = sourcecode.swift; path = ItemAddress.swift; sourceTree = "<group>"; };
		280372071DF0282600FDCC47 /* SearchKMA.swift */ = {isa = PBXFileReference; fileEncoding = 4; lastKnownFileType = sourcecode.swift; path = SearchKMA.swift; sourceTree = "<group>"; };
		280372091DF028C200FDCC47 /* ItemRSS.swift */ = {isa = PBXFileReference; fileEncoding = 4; lastKnownFileType = sourcecode.swift; path = ItemRSS.swift; sourceTree = "<group>"; };
		2803720B1DF029C700FDCC47 /* SearchAddress.swift */ = {isa = PBXFileReference; fileEncoding = 4; lastKnownFileType = sourcecode.swift; path = SearchAddress.swift; sourceTree = "<group>"; };
		2803720D1DF02A1700FDCC47 /* BicycleAlertViewControllerExtension.swift */ = {isa = PBXFileReference; fileEncoding = 4; lastKnownFileType = sourcecode.swift; path = BicycleAlertViewControllerExtension.swift; sourceTree = "<group>"; };
		280FE4331DFE554C004383F2 /* BicycleRecommendTableViewController.swift */ = {isa = PBXFileReference; fileEncoding = 4; lastKnownFileType = sourcecode.swift; path = BicycleRecommendTableViewController.swift; sourceTree = "<group>"; };
		280FE4351DFE5C07004383F2 /* BicycleRecommendTableViewCell.swift */ = {isa = PBXFileReference; fileEncoding = 4; lastKnownFileType = sourcecode.swift; path = BicycleRecommendTableViewCell.swift; sourceTree = "<group>"; };
		280FE4371DFE939E004383F2 /* BicycleJoinViewController.swift */ = {isa = PBXFileReference; fileEncoding = 4; lastKnownFileType = sourcecode.swift; path = BicycleJoinViewController.swift; sourceTree = "<group>"; };
		280FE4391DFE9577004383F2 /* BicycleAlertViewController.swift */ = {isa = PBXFileReference; fileEncoding = 4; lastKnownFileType = sourcecode.swift; path = BicycleAlertViewController.swift; sourceTree = "<group>"; };
		280FE43B1DFE9A85004383F2 /* BicycleLoginViewController.swift */ = {isa = PBXFileReference; fileEncoding = 4; lastKnownFileType = sourcecode.swift; path = BicycleLoginViewController.swift; sourceTree = "<group>"; };
		2811F47F1DF7F97D004D118A /* BicycleStringExtension.swift */ = {isa = PBXFileReference; fileEncoding = 4; lastKnownFileType = sourcecode.swift; path = BicycleStringExtension.swift; sourceTree = "<group>"; };
		283C6F5F1E00F88300F33287 /* BizCategory.h */ = {isa = PBXFileReference; fileEncoding = 4; lastKnownFileType = sourcecode.c.h; path = BizCategory.h; sourceTree = "<group>"; };
		283C6F601E00F88300F33287 /* TMap.h */ = {isa = PBXFileReference; fileEncoding = 4; lastKnownFileType = sourcecode.c.h; path = TMap.h; sourceTree = "<group>"; };
		283C6F611E00F88300F33287 /* TMapAnnotation.h */ = {isa = PBXFileReference; fileEncoding = 4; lastKnownFileType = sourcecode.c.h; path = TMapAnnotation.h; sourceTree = "<group>"; };
		283C6F621E00F88300F33287 /* TMapBaseView.h */ = {isa = PBXFileReference; fileEncoding = 4; lastKnownFileType = sourcecode.c.h; path = TMapBaseView.h; sourceTree = "<group>"; };
		283C6F631E00F88300F33287 /* TMapCircle.h */ = {isa = PBXFileReference; fileEncoding = 4; lastKnownFileType = sourcecode.c.h; path = TMapCircle.h; sourceTree = "<group>"; };
		283C6F641E00F88300F33287 /* TMapGpsManager.h */ = {isa = PBXFileReference; fileEncoding = 4; lastKnownFileType = sourcecode.c.h; path = TMapGpsManager.h; sourceTree = "<group>"; };
		283C6F651E00F88300F33287 /* TMapKatec.h */ = {isa = PBXFileReference; fileEncoding = 4; lastKnownFileType = sourcecode.c.h; path = TMapKatec.h; sourceTree = "<group>"; };
		283C6F661E00F88300F33287 /* TMapMarkerItem.h */ = {isa = PBXFileReference; fileEncoding = 4; lastKnownFileType = sourcecode.c.h; path = TMapMarkerItem.h; sourceTree = "<group>"; };
		283C6F671E00F88300F33287 /* TMapMarkerItem2.h */ = {isa = PBXFileReference; fileEncoding = 4; lastKnownFileType = sourcecode.c.h; path = TMapMarkerItem2.h; sourceTree = "<group>"; };
		283C6F681E00F88300F33287 /* TMapObject.h */ = {isa = PBXFileReference; fileEncoding = 4; lastKnownFileType = sourcecode.c.h; path = TMapObject.h; sourceTree = "<group>"; };
		283C6F691E00F88300F33287 /* TMapOverlayItem.h */ = {isa = PBXFileReference; fileEncoding = 4; lastKnownFileType = sourcecode.c.h; path = TMapOverlayItem.h; sourceTree = "<group>"; };
		283C6F6A1E00F88300F33287 /* TMapPathData.h */ = {isa = PBXFileReference; fileEncoding = 4; lastKnownFileType = sourcecode.c.h; path = TMapPathData.h; sourceTree = "<group>"; };
		283C6F6B1E00F88300F33287 /* TMapPOIItem.h */ = {isa = PBXFileReference; fileEncoding = 4; lastKnownFileType = sourcecode.c.h; path = TMapPOIItem.h; sourceTree = "<group>"; };
		283C6F6C1E00F88300F33287 /* TMapPoint.h */ = {isa = PBXFileReference; fileEncoding = 4; lastKnownFileType = sourcecode.c.h; path = TMapPoint.h; sourceTree = "<group>"; };
		283C6F6D1E00F88300F33287 /* TMapPolygon.h */ = {isa = PBXFileReference; fileEncoding = 4; lastKnownFileType = sourcecode.c.h; path = TMapPolygon.h; sourceTree = "<group>"; };
		283C6F6E1E00F88300F33287 /* TMapPolyLine.h */ = {isa = PBXFileReference; fileEncoding = 4; lastKnownFileType = sourcecode.c.h; path = TMapPolyLine.h; sourceTree = "<group>"; };
		283C6F6F1E00F88300F33287 /* TMapTapi.h */ = {isa = PBXFileReference; fileEncoding = 4; lastKnownFileType = sourcecode.c.h; path = TMapTapi.h; sourceTree = "<group>"; };
		283C6F701E00F88300F33287 /* TMapType.h */ = {isa = PBXFileReference; fileEncoding = 4; lastKnownFileType = sourcecode.c.h; path = TMapType.h; sourceTree = "<group>"; };
		283C6F711E00F88300F33287 /* TMapView.h */ = {isa = PBXFileReference; fileEncoding = 4; lastKnownFileType = sourcecode.c.h; path = TMapView.h; sourceTree = "<group>"; };
		283C6F731E00F88300F33287 /* HeadingAngleSmall.png */ = {isa = PBXFileReference; lastKnownFileType = image.png; path = HeadingAngleSmall.png; sourceTree = "<group>"; };
		283C6F741E00F88300F33287 /* HeadingAngleSmall@2x.png */ = {isa = PBXFileReference; lastKnownFileType = image.png; path = "HeadingAngleSmall@2x.png"; sourceTree = "<group>"; };
		283C6F751E00F88300F33287 /* icon_clustering.png */ = {isa = PBXFileReference; lastKnownFileType = image.png; path = icon_clustering.png; sourceTree = "<group>"; };
		283C6F761E00F88300F33287 /* icon_clustering@2x.png */ = {isa = PBXFileReference; lastKnownFileType = image.png; path = "icon_clustering@2x.png"; sourceTree = "<group>"; };
		283C6F771E00F88300F33287 /* mapbg_tlogo.png */ = {isa = PBXFileReference; lastKnownFileType = image.png; path = mapbg_tlogo.png; sourceTree = "<group>"; };
		283C6F781E00F88300F33287 /* mapbg_tlogo@2x.png */ = {isa = PBXFileReference; lastKnownFileType = image.png; path = "mapbg_tlogo@2x.png"; sourceTree = "<group>"; };
		283C6F791E00F88300F33287 /* poweredby.png */ = {isa = PBXFileReference; lastKnownFileType = image.png; path = poweredby.png; sourceTree = "<group>"; };
		283C6F7A1E00F88300F33287 /* poweredby@2x.png */ = {isa = PBXFileReference; lastKnownFileType = image.png; path = "poweredby@2x.png"; sourceTree = "<group>"; };
		283C6F7B1E00F88300F33287 /* TrackingDot.png */ = {isa = PBXFileReference; lastKnownFileType = image.png; path = TrackingDot.png; sourceTree = "<group>"; };
		283C6F7C1E00F88300F33287 /* TrackingDot@2x.png */ = {isa = PBXFileReference; lastKnownFileType = image.png; path = "TrackingDot@2x.png"; sourceTree = "<group>"; };
		283C6F7D1E00F88300F33287 /* TrackingDotHalo.png */ = {isa = PBXFileReference; lastKnownFileType = image.png; path = TrackingDotHalo.png; sourceTree = "<group>"; };
		283C6F7E1E00F88300F33287 /* TrackingDotHalo@2x.png */ = {isa = PBXFileReference; lastKnownFileType = image.png; path = "TrackingDotHalo@2x.png"; sourceTree = "<group>"; };
		283C6F7F1E00F88300F33287 /* TopLib_Op.a */ = {isa = PBXFileReference; lastKnownFileType = archive.ar; path = TopLib_Op.a; sourceTree = "<group>"; };
		2851D2301DF03E7F00A1FC5D /* DaumMap.framework */ = {isa = PBXFileReference; lastKnownFileType = wrapper.framework; path = DaumMap.framework; sourceTree = "<group>"; };
		2851D2311DF03E7F00A1FC5D /* KakaoOpenSDK.framework */ = {isa = PBXFileReference; lastKnownFileType = wrapper.framework; path = KakaoOpenSDK.framework; sourceTree = "<group>"; };
		2851D2341DF03ED100A1FC5D /* OpenGLES.framework */ = {isa = PBXFileReference; lastKnownFileType = wrapper.framework; name = OpenGLES.framework; path = System/Library/Frameworks/OpenGLES.framework; sourceTree = SDKROOT; };
		2851D2361DF03EDD00A1FC5D /* SystemConfiguration.framework */ = {isa = PBXFileReference; lastKnownFileType = wrapper.framework; name = SystemConfiguration.framework; path = System/Library/Frameworks/SystemConfiguration.framework; sourceTree = SDKROOT; };
		2851D2381DF03EE500A1FC5D /* CoreLocation.framework */ = {isa = PBXFileReference; lastKnownFileType = wrapper.framework; name = CoreLocation.framework; path = System/Library/Frameworks/CoreLocation.framework; sourceTree = SDKROOT; };
		2851D23A1DF03EED00A1FC5D /* QuartzCore.framework */ = {isa = PBXFileReference; lastKnownFileType = wrapper.framework; name = QuartzCore.framework; path = System/Library/Frameworks/QuartzCore.framework; sourceTree = SDKROOT; };
		2851D23C1DF03EFA00A1FC5D /* libstdc++.6.tbd */ = {isa = PBXFileReference; lastKnownFileType = "sourcecode.text-based-dylib-definition"; name = "libstdc++.6.tbd"; path = "usr/lib/libstdc++.6.tbd"; sourceTree = SDKROOT; };
		2851D23E1DF03EFF00A1FC5D /* libxml2.tbd */ = {isa = PBXFileReference; lastKnownFileType = "sourcecode.text-based-dylib-definition"; name = libxml2.tbd; path = usr/lib/libxml2.tbd; sourceTree = SDKROOT; };
		2851D2401DF03F0800A1FC5D /* libsqlite3.tbd */ = {isa = PBXFileReference; lastKnownFileType = "sourcecode.text-based-dylib-definition"; name = libsqlite3.tbd; path = usr/lib/libsqlite3.tbd; sourceTree = SDKROOT; };
		2851D2421DF03F0E00A1FC5D /* MapKit.framework */ = {isa = PBXFileReference; lastKnownFileType = wrapper.framework; name = MapKit.framework; path = System/Library/Frameworks/MapKit.framework; sourceTree = SDKROOT; };
		2851D2441DF03FCA00A1FC5D /* BicycleConstants.swift */ = {isa = PBXFileReference; fileEncoding = 4; lastKnownFileType = sourcecode.swift; path = BicycleConstants.swift; sourceTree = "<group>"; };
		2853AADF1E053F0B00676DB6 /* UICertificationTableViewController.swift */ = {isa = PBXFileReference; fileEncoding = 4; lastKnownFileType = sourcecode.swift; path = UICertificationTableViewController.swift; sourceTree = "<group>"; };
		2853AAE11E05420500676DB6 /* UICertificationTableViewCell.swift */ = {isa = PBXFileReference; fileEncoding = 4; lastKnownFileType = sourcecode.swift; path = UICertificationTableViewCell.swift; sourceTree = "<group>"; };
		286C8CC61DF523E900D1717B /* BicycleMapViewController.swift */ = {isa = PBXFileReference; fileEncoding = 4; lastKnownFileType = sourcecode.swift; path = BicycleMapViewController.swift; sourceTree = "<group>"; };
		287B24841DEED72600D654AA /* BicycleNew.app */ = {isa = PBXFileReference; explicitFileType = wrapper.application; includeInIndex = 0; path = BicycleNew.app; sourceTree = BUILT_PRODUCTS_DIR; };
		287B24871DEED72600D654AA /* AppDelegate.swift */ = {isa = PBXFileReference; lastKnownFileType = sourcecode.swift; path = AppDelegate.swift; sourceTree = "<group>"; };
		287B24891DEED72600D654AA /* ViewController.swift */ = {isa = PBXFileReference; lastKnownFileType = sourcecode.swift; path = ViewController.swift; sourceTree = "<group>"; };
		287B248C1DEED72600D654AA /* Base */ = {isa = PBXFileReference; lastKnownFileType = file.storyboard; name = Base; path = Base.lproj/Main.storyboard; sourceTree = "<group>"; };
		287B248E1DEED72600D654AA /* Assets.xcassets */ = {isa = PBXFileReference; lastKnownFileType = folder.assetcatalog; path = Assets.xcassets; sourceTree = "<group>"; };
		287B24911DEED72600D654AA /* Base */ = {isa = PBXFileReference; lastKnownFileType = file.storyboard; name = Base; path = Base.lproj/LaunchScreen.storyboard; sourceTree = "<group>"; };
		287B24931DEED72600D654AA /* Info.plist */ = {isa = PBXFileReference; lastKnownFileType = text.plist.xml; path = Info.plist; sourceTree = "<group>"; };
		287B24991DEED78D00D654AA /* BicycleNew-Bridging-Header.h */ = {isa = PBXFileReference; lastKnownFileType = sourcecode.c.h; path = "BicycleNew-Bridging-Header.h"; sourceTree = "<group>"; };
		287B249A1DEED78E00D654AA /* SWRevealViewController.h */ = {isa = PBXFileReference; fileEncoding = 4; lastKnownFileType = sourcecode.c.h; path = SWRevealViewController.h; sourceTree = "<group>"; };
		287B249B1DEED78E00D654AA /* SWRevealViewController.m */ = {isa = PBXFileReference; fileEncoding = 4; lastKnownFileType = sourcecode.c.objc; path = SWRevealViewController.m; sourceTree = "<group>"; };
		287B24A41DEEDE9500D654AA /* BicycleNavigationControllerExtension.swift */ = {isa = PBXFileReference; fileEncoding = 4; lastKnownFileType = sourcecode.swift; path = BicycleNavigationControllerExtension.swift; sourceTree = "<group>"; };
		287B24A61DEEDFF100D654AA /* BicycleMainViewController.swift */ = {isa = PBXFileReference; fileEncoding = 4; lastKnownFileType = sourcecode.swift; path = BicycleMainViewController.swift; sourceTree = "<group>"; };
		287B24AA1DEEE4A200D654AA /* BicycleRevealMenuTableViewController.swift */ = {isa = PBXFileReference; fileEncoding = 4; lastKnownFileType = sourcecode.swift; path = BicycleRevealMenuTableViewController.swift; sourceTree = "<group>"; };
		287B24AC1DEEE67D00D654AA /* BicycleTabBarController.swift */ = {isa = PBXFileReference; fileEncoding = 4; lastKnownFileType = sourcecode.swift; path = BicycleTabBarController.swift; sourceTree = "<group>"; };
		287BD49F1DF6AFB000257F48 /* SearchKeyword.swift */ = {isa = PBXFileReference; fileEncoding = 4; lastKnownFileType = sourcecode.swift; path = SearchKeyword.swift; sourceTree = "<group>"; };
		28881D751DFBDD32001C0CDE /* BicycleAVCameraViewController.swift */ = {isa = PBXFileReference; fileEncoding = 4; lastKnownFileType = sourcecode.swift; path = BicycleAVCameraViewController.swift; sourceTree = "<group>"; };
		28881D771DFBDD41001C0CDE /* BicycleCertificationViewController.swift */ = {isa = PBXFileReference; fileEncoding = 4; lastKnownFileType = sourcecode.swift; path = BicycleCertificationViewController.swift; sourceTree = "<group>"; };
		28C1A3B61DF2B187003B1068 /* BicycleMenuTableViewController.swift */ = {isa = PBXFileReference; fileEncoding = 4; lastKnownFileType = sourcecode.swift; path = BicycleMenuTableViewController.swift; sourceTree = "<group>"; };
		28D2F8461DF186E200F59A7B /* BicycleManagerHolder.swift */ = {isa = PBXFileReference; fileEncoding = 4; lastKnownFileType = sourcecode.swift; path = BicycleManagerHolder.swift; sourceTree = "<group>"; };
		28F087F81DFF9F1D00EEAF32 /* SearchRoad.swift */ = {isa = PBXFileReference; fileEncoding = 4; lastKnownFileType = sourcecode.swift; path = SearchRoad.swift; sourceTree = "<group>"; };
		28F087FA1DFF9F6900EEAF32 /* ItemRoad.swift */ = {isa = PBXFileReference; fileEncoding = 4; lastKnownFileType = sourcecode.swift; path = ItemRoad.swift; sourceTree = "<group>"; };
		33ACA3B7834DE76CCC1F7047 /* Pods_BicycleNew.framework */ = {isa = PBXFileReference; explicitFileType = wrapper.framework; includeInIndex = 0; path = Pods_BicycleNew.framework; sourceTree = BUILT_PRODUCTS_DIR; };
		E2DE454C18F4BA0206AF6B67 /* Pods-BicycleNew.debug.xcconfig */ = {isa = PBXFileReference; includeInIndex = 1; lastKnownFileType = text.xcconfig; name = "Pods-BicycleNew.debug.xcconfig"; path = "Pods/Target Support Files/Pods-BicycleNew/Pods-BicycleNew.debug.xcconfig"; sourceTree = "<group>"; };
		F621ABC1190596D6BABF8297 /* Pods-BicycleNew.release.xcconfig */ = {isa = PBXFileReference; includeInIndex = 1; lastKnownFileType = text.xcconfig; name = "Pods-BicycleNew.release.xcconfig"; path = "Pods/Target Support Files/Pods-BicycleNew/Pods-BicycleNew.release.xcconfig"; sourceTree = "<group>"; };
/* End PBXFileReference section */

/* Begin PBXFrameworksBuildPhase section */
		287B24811DEED72600D654AA /* Frameworks */ = {
			isa = PBXFrameworksBuildPhase;
			buildActionMask = 2147483647;
			files = (
				2851D2431DF03F0E00A1FC5D /* MapKit.framework in Frameworks */,
				2851D2411DF03F0800A1FC5D /* libsqlite3.tbd in Frameworks */,
				283C6F8C1E00F88300F33287 /* TopLib_Op.a in Frameworks */,
				2851D23F1DF03EFF00A1FC5D /* libxml2.tbd in Frameworks */,
				2851D23D1DF03EFA00A1FC5D /* libstdc++.6.tbd in Frameworks */,
				2851D23B1DF03EED00A1FC5D /* QuartzCore.framework in Frameworks */,
				2851D2391DF03EE500A1FC5D /* CoreLocation.framework in Frameworks */,
				2851D2371DF03EDD00A1FC5D /* SystemConfiguration.framework in Frameworks */,
				2851D2351DF03ED100A1FC5D /* OpenGLES.framework in Frameworks */,
				2851D2321DF03E7F00A1FC5D /* DaumMap.framework in Frameworks */,
				2851D2331DF03E7F00A1FC5D /* KakaoOpenSDK.framework in Frameworks */,
				180C186A51BDA554FA1951BD /* Pods_BicycleNew.framework in Frameworks */,
			);
			runOnlyForDeploymentPostprocessing = 0;
		};
/* End PBXFrameworksBuildPhase section */

/* Begin PBXGroup section */
		280372021DF027A500FDCC47 /* Search */ = {
			isa = PBXGroup;
			children = (
				280372031DF027DE00FDCC47 /* Item.swift */,
				280372051DF0280300FDCC47 /* ItemAddress.swift */,
				280372091DF028C200FDCC47 /* ItemRSS.swift */,
				28F087FA1DFF9F6900EEAF32 /* ItemRoad.swift */,
				2803720B1DF029C700FDCC47 /* SearchAddress.swift */,
				280372071DF0282600FDCC47 /* SearchKMA.swift */,
				287BD49F1DF6AFB000257F48 /* SearchKeyword.swift */,
				28F087F81DFF9F1D00EEAF32 /* SearchRoad.swift */,
			);
			name = Search;
			sourceTree = "<group>";
		};
		2803720F1DF02A2000FDCC47 /* Extensions */ = {
			isa = PBXGroup;
			children = (
				287B24A41DEEDE9500D654AA /* BicycleNavigationControllerExtension.swift */,
				2803720D1DF02A1700FDCC47 /* BicycleAlertViewControllerExtension.swift */,
				2811F47F1DF7F97D004D118A /* BicycleStringExtension.swift */,
				280FE4391DFE9577004383F2 /* BicycleAlertViewController.swift */,
			);
			name = Extensions;
			sourceTree = "<group>";
		};
		280372101DF0325500FDCC47 /* Frameworks */ = {
			isa = PBXGroup;
			children = (
				2851D2401DF03F0800A1FC5D /* libsqlite3.tbd */,
				2851D23E1DF03EFF00A1FC5D /* libxml2.tbd */,
				2851D23C1DF03EFA00A1FC5D /* libstdc++.6.tbd */,
				2851D2421DF03F0E00A1FC5D /* MapKit.framework */,
				2851D23A1DF03EED00A1FC5D /* QuartzCore.framework */,
				2851D2381DF03EE500A1FC5D /* CoreLocation.framework */,
				2851D2361DF03EDD00A1FC5D /* SystemConfiguration.framework */,
				2851D2341DF03ED100A1FC5D /* OpenGLES.framework */,
				2851D2301DF03E7F00A1FC5D /* DaumMap.framework */,
				2851D2311DF03E7F00A1FC5D /* KakaoOpenSDK.framework */,
				33ACA3B7834DE76CCC1F7047 /* Pods_BicycleNew.framework */,
			);
			name = Frameworks;
			sourceTree = "<group>";
		};
		283C6F5D1E00F88300F33287 /* lib */ = {
			isa = PBXGroup;
			children = (
				283C6F5E1E00F88300F33287 /* Headers */,
				283C6F721E00F88300F33287 /* Images */,
				283C6F7F1E00F88300F33287 /* TopLib_Op.a */,
			);
			name = lib;
			path = BicycleNew/lib;
			sourceTree = "<group>";
		};
		283C6F5E1E00F88300F33287 /* Headers */ = {
			isa = PBXGroup;
			children = (
				283C6F5F1E00F88300F33287 /* BizCategory.h */,
				283C6F601E00F88300F33287 /* TMap.h */,
				283C6F611E00F88300F33287 /* TMapAnnotation.h */,
				283C6F621E00F88300F33287 /* TMapBaseView.h */,
				283C6F631E00F88300F33287 /* TMapCircle.h */,
				283C6F641E00F88300F33287 /* TMapGpsManager.h */,
				283C6F651E00F88300F33287 /* TMapKatec.h */,
				283C6F661E00F88300F33287 /* TMapMarkerItem.h */,
				283C6F671E00F88300F33287 /* TMapMarkerItem2.h */,
				283C6F681E00F88300F33287 /* TMapObject.h */,
				283C6F691E00F88300F33287 /* TMapOverlayItem.h */,
				283C6F6A1E00F88300F33287 /* TMapPathData.h */,
				283C6F6B1E00F88300F33287 /* TMapPOIItem.h */,
				283C6F6C1E00F88300F33287 /* TMapPoint.h */,
				283C6F6D1E00F88300F33287 /* TMapPolygon.h */,
				283C6F6E1E00F88300F33287 /* TMapPolyLine.h */,
				283C6F6F1E00F88300F33287 /* TMapTapi.h */,
				283C6F701E00F88300F33287 /* TMapType.h */,
				283C6F711E00F88300F33287 /* TMapView.h */,
			);
			path = Headers;
			sourceTree = "<group>";
		};
		283C6F721E00F88300F33287 /* Images */ = {
			isa = PBXGroup;
			children = (
				283C6F731E00F88300F33287 /* HeadingAngleSmall.png */,
				283C6F741E00F88300F33287 /* HeadingAngleSmall@2x.png */,
				283C6F751E00F88300F33287 /* icon_clustering.png */,
				283C6F761E00F88300F33287 /* icon_clustering@2x.png */,
				283C6F771E00F88300F33287 /* mapbg_tlogo.png */,
				283C6F781E00F88300F33287 /* mapbg_tlogo@2x.png */,
				283C6F791E00F88300F33287 /* poweredby.png */,
				283C6F7A1E00F88300F33287 /* poweredby@2x.png */,
				283C6F7B1E00F88300F33287 /* TrackingDot.png */,
				283C6F7C1E00F88300F33287 /* TrackingDot@2x.png */,
				283C6F7D1E00F88300F33287 /* TrackingDotHalo.png */,
				283C6F7E1E00F88300F33287 /* TrackingDotHalo@2x.png */,
			);
			path = Images;
			sourceTree = "<group>";
		};
		286C8CC51DF5235900D1717B /* Miscellaneous */ = {
			isa = PBXGroup;
			children = (
				287B24991DEED78D00D654AA /* BicycleNew-Bridging-Header.h */,
				28D2F8461DF186E200F59A7B /* BicycleManagerHolder.swift */,
				2851D2441DF03FCA00A1FC5D /* BicycleConstants.swift */,
			);
			name = Miscellaneous;
			sourceTree = "<group>";
		};
		287B247B1DEED72600D654AA = {
			isa = PBXGroup;
			children = (
				287B24861DEED72600D654AA /* BicycleNew */,
				287B24851DEED72600D654AA /* Products */,
				283C6F5D1E00F88300F33287 /* lib */,
				280372101DF0325500FDCC47 /* Frameworks */,
				2DF487A8983E0CAAC65D22E1 /* Pods */,
			);
			sourceTree = "<group>";
		};
		287B24851DEED72600D654AA /* Products */ = {
			isa = PBXGroup;
			children = (
				287B24841DEED72600D654AA /* BicycleNew.app */,
			);
			name = Products;
			sourceTree = "<group>";
		};
		287B24861DEED72600D654AA /* BicycleNew */ = {
			isa = PBXGroup;
			children = (
				280372021DF027A500FDCC47 /* Search */,
				287B249D1DEED79E00D654AA /* RevealView */,
				287B24871DEED72600D654AA /* AppDelegate.swift */,
				287B24891DEED72600D654AA /* ViewController.swift */,
				28C1A3B51DF29B2A003B1068 /* ViewControllers */,
				2803720F1DF02A2000FDCC47 /* Extensions */,
				28C1A3B81DF2B190003B1068 /* Interface */,
				286C8CC51DF5235900D1717B /* Miscellaneous */,
				287B248B1DEED72600D654AA /* Main.storyboard */,
				287B248E1DEED72600D654AA /* Assets.xcassets */,
				287B24901DEED72600D654AA /* LaunchScreen.storyboard */,
				287B24931DEED72600D654AA /* Info.plist */,
			);
			path = BicycleNew;
			sourceTree = "<group>";
		};
		287B249D1DEED79E00D654AA /* RevealView */ = {
			isa = PBXGroup;
			children = (
				287B249A1DEED78E00D654AA /* SWRevealViewController.h */,
				287B249B1DEED78E00D654AA /* SWRevealViewController.m */,
			);
			name = RevealView;
			sourceTree = "<group>";
		};
		28C1A3B51DF29B2A003B1068 /* ViewControllers */ = {
			isa = PBXGroup;
			children = (
				280FE4371DFE939E004383F2 /* BicycleJoinViewController.swift */,
				280FE43B1DFE9A85004383F2 /* BicycleLoginViewController.swift */,
				287B24A61DEEDFF100D654AA /* BicycleMainViewController.swift */,
				286C8CC61DF523E900D1717B /* BicycleMapViewController.swift */,
				28881D751DFBDD32001C0CDE /* BicycleAVCameraViewController.swift */,
				2853AADF1E053F0B00676DB6 /* UICertificationTableViewController.swift */,
				2853AAE11E05420500676DB6 /* UICertificationTableViewCell.swift */,
				28881D771DFBDD41001C0CDE /* BicycleCertificationViewController.swift */,
				280FE4331DFE554C004383F2 /* BicycleRecommendTableViewController.swift */,
				280FE4351DFE5C07004383F2 /* BicycleRecommendTableViewCell.swift */,
			);
			name = ViewControllers;
			sourceTree = "<group>";
		};
		28C1A3B81DF2B190003B1068 /* Interface */ = {
			isa = PBXGroup;
			children = (
				287B24AA1DEEE4A200D654AA /* BicycleRevealMenuTableViewController.swift */,
				287B24AC1DEEE67D00D654AA /* BicycleTabBarController.swift */,
				28C1A3B61DF2B187003B1068 /* BicycleMenuTableViewController.swift */,
			);
			name = Interface;
			sourceTree = "<group>";
		};
		2DF487A8983E0CAAC65D22E1 /* Pods */ = {
			isa = PBXGroup;
			children = (
				E2DE454C18F4BA0206AF6B67 /* Pods-BicycleNew.debug.xcconfig */,
				F621ABC1190596D6BABF8297 /* Pods-BicycleNew.release.xcconfig */,
			);
			name = Pods;
			sourceTree = "<group>";
		};
/* End PBXGroup section */

/* Begin PBXNativeTarget section */
		287B24831DEED72600D654AA /* BicycleNew */ = {
			isa = PBXNativeTarget;
			buildConfigurationList = 287B24961DEED72600D654AA /* Build configuration list for PBXNativeTarget "BicycleNew" */;
			buildPhases = (
				38986612642154C4DEE19AF9 /* [CP] Check Pods Manifest.lock */,
				287B24801DEED72600D654AA /* Sources */,
				287B24811DEED72600D654AA /* Frameworks */,
				287B24821DEED72600D654AA /* Resources */,
				D3006CACA810FDB22E6E9832 /* [CP] Embed Pods Frameworks */,
				AD279759BBC5A264C111C052 /* [CP] Copy Pods Resources */,
			);
			buildRules = (
			);
			dependencies = (
			);
			name = BicycleNew;
			productName = BicycleNew;
			productReference = 287B24841DEED72600D654AA /* BicycleNew.app */;
			productType = "com.apple.product-type.application";
		};
/* End PBXNativeTarget section */

/* Begin PBXProject section */
		287B247C1DEED72600D654AA /* Project object */ = {
			isa = PBXProject;
			attributes = {
				LastSwiftUpdateCheck = 0810;
				LastUpgradeCheck = 0810;
				ORGANIZATIONNAME = "JeaSung Park";
				TargetAttributes = {
					287B24831DEED72600D654AA = {
						CreatedOnToolsVersion = 8.1;
						DevelopmentTeam = 456564KGM3;
						LastSwiftMigration = 0810;
						ProvisioningStyle = Automatic;
					};
				};
			};
			buildConfigurationList = 287B247F1DEED72600D654AA /* Build configuration list for PBXProject "BicycleNew" */;
			compatibilityVersion = "Xcode 3.2";
			developmentRegion = English;
			hasScannedForEncodings = 0;
			knownRegions = (
				en,
				Base,
			);
			mainGroup = 287B247B1DEED72600D654AA;
			productRefGroup = 287B24851DEED72600D654AA /* Products */;
			projectDirPath = "";
			projectRoot = "";
			targets = (
				287B24831DEED72600D654AA /* BicycleNew */,
			);
		};
/* End PBXProject section */

/* Begin PBXResourcesBuildPhase section */
		287B24821DEED72600D654AA /* Resources */ = {
			isa = PBXResourcesBuildPhase;
			buildActionMask = 2147483647;
			files = (
				283C6F8A1E00F88300F33287 /* TrackingDotHalo.png in Resources */,
				283C6F881E00F88300F33287 /* TrackingDot.png in Resources */,
				283C6F851E00F88300F33287 /* mapbg_tlogo@2x.png in Resources */,
				283C6F821E00F88300F33287 /* icon_clustering.png in Resources */,
				283C6F891E00F88300F33287 /* TrackingDot@2x.png in Resources */,
				283C6F801E00F88300F33287 /* HeadingAngleSmall.png in Resources */,
				287B24921DEED72600D654AA /* LaunchScreen.storyboard in Resources */,
				287B248F1DEED72600D654AA /* Assets.xcassets in Resources */,
				283C6F861E00F88300F33287 /* poweredby.png in Resources */,
				287B248D1DEED72600D654AA /* Main.storyboard in Resources */,
				283C6F841E00F88300F33287 /* mapbg_tlogo.png in Resources */,
				283C6F811E00F88300F33287 /* HeadingAngleSmall@2x.png in Resources */,
				283C6F871E00F88300F33287 /* poweredby@2x.png in Resources */,
				283C6F8B1E00F88300F33287 /* TrackingDotHalo@2x.png in Resources */,
				283C6F831E00F88300F33287 /* icon_clustering@2x.png in Resources */,
			);
			runOnlyForDeploymentPostprocessing = 0;
		};
/* End PBXResourcesBuildPhase section */

/* Begin PBXShellScriptBuildPhase section */
		38986612642154C4DEE19AF9 /* [CP] Check Pods Manifest.lock */ = {
			isa = PBXShellScriptBuildPhase;
			buildActionMask = 2147483647;
			files = (
			);
			inputPaths = (
			);
			name = "[CP] Check Pods Manifest.lock";
			outputPaths = (
			);
			runOnlyForDeploymentPostprocessing = 0;
			shellPath = /bin/sh;
			shellScript = "diff \"${PODS_ROOT}/../Podfile.lock\" \"${PODS_ROOT}/Manifest.lock\" > /dev/null\nif [ $? != 0 ] ; then\n    # print error to STDERR\n    echo \"error: The sandbox is not in sync with the Podfile.lock. Run 'pod install' or update your CocoaPods installation.\" >&2\n    exit 1\nfi\n";
			showEnvVarsInLog = 0;
		};
		AD279759BBC5A264C111C052 /* [CP] Copy Pods Resources */ = {
			isa = PBXShellScriptBuildPhase;
			buildActionMask = 2147483647;
			files = (
			);
			inputPaths = (
			);
			name = "[CP] Copy Pods Resources";
			outputPaths = (
			);
			runOnlyForDeploymentPostprocessing = 0;
			shellPath = /bin/sh;
			shellScript = "\"${SRCROOT}/Pods/Target Support Files/Pods-BicycleNew/Pods-BicycleNew-resources.sh\"\n";
			showEnvVarsInLog = 0;
		};
		D3006CACA810FDB22E6E9832 /* [CP] Embed Pods Frameworks */ = {
			isa = PBXShellScriptBuildPhase;
			buildActionMask = 2147483647;
			files = (
			);
			inputPaths = (
			);
			name = "[CP] Embed Pods Frameworks";
			outputPaths = (
			);
			runOnlyForDeploymentPostprocessing = 0;
			shellPath = /bin/sh;
			shellScript = "\"${SRCROOT}/Pods/Target Support Files/Pods-BicycleNew/Pods-BicycleNew-frameworks.sh\"\n";
			showEnvVarsInLog = 0;
		};
/* End PBXShellScriptBuildPhase section */

/* Begin PBXSourcesBuildPhase section */
		287B24801DEED72600D654AA /* Sources */ = {
			isa = PBXSourcesBuildPhase;
			buildActionMask = 2147483647;
			files = (
				287B248A1DEED72600D654AA /* ViewController.swift in Sources */,
				280372081DF0282600FDCC47 /* SearchKMA.swift in Sources */,
				280FE4341DFE554C004383F2 /* BicycleRecommendTableViewController.swift in Sources */,
				28881D781DFBDD41001C0CDE /* BicycleCertificationViewController.swift in Sources */,
				280372061DF0280300FDCC47 /* ItemAddress.swift in Sources */,
				287B24A51DEEDE9500D654AA /* BicycleNavigationControllerExtension.swift in Sources */,
				287B24881DEED72600D654AA /* AppDelegate.swift in Sources */,
				287B24AB1DEEE4A200D654AA /* BicycleRevealMenuTableViewController.swift in Sources */,
				28C1A3B71DF2B187003B1068 /* BicycleMenuTableViewController.swift in Sources */,
				2803720C1DF029C700FDCC47 /* SearchAddress.swift in Sources */,
				280FE43C1DFE9A85004383F2 /* BicycleLoginViewController.swift in Sources */,
				2811F4801DF7F97D004D118A /* BicycleStringExtension.swift in Sources */,
				2803720E1DF02A1700FDCC47 /* BicycleAlertViewControllerExtension.swift in Sources */,
				280FE4381DFE939E004383F2 /* BicycleJoinViewController.swift in Sources */,
				28F087FB1DFF9F6900EEAF32 /* ItemRoad.swift in Sources */,
				287BD4A01DF6AFB000257F48 /* SearchKeyword.swift in Sources */,
				2803720A1DF028C200FDCC47 /* ItemRSS.swift in Sources */,
				28881D761DFBDD32001C0CDE /* BicycleAVCameraViewController.swift in Sources */,
				280372041DF027DE00FDCC47 /* Item.swift in Sources */,
				280FE43A1DFE9577004383F2 /* BicycleAlertViewController.swift in Sources */,
				287B24AD1DEEE67D00D654AA /* BicycleTabBarController.swift in Sources */,
				28D2F8471DF186E200F59A7B /* BicycleManagerHolder.swift in Sources */,
				2853AAE21E05420500676DB6 /* UICertificationTableViewCell.swift in Sources */,
				2853AAE01E053F0B00676DB6 /* UICertificationTableViewController.swift in Sources */,
				2851D2451DF03FCA00A1FC5D /* BicycleConstants.swift in Sources */,
				287B24A71DEEDFF100D654AA /* BicycleMainViewController.swift in Sources */,
				287B249C1DEED78E00D654AA /* SWRevealViewController.m in Sources */,
				280FE4361DFE5C07004383F2 /* BicycleRecommendTableViewCell.swift in Sources */,
				286C8CC71DF523E900D1717B /* BicycleMapViewController.swift in Sources */,
				28F087F91DFF9F1D00EEAF32 /* SearchRoad.swift in Sources */,
			);
			runOnlyForDeploymentPostprocessing = 0;
		};
/* End PBXSourcesBuildPhase section */

/* Begin PBXVariantGroup section */
		287B248B1DEED72600D654AA /* Main.storyboard */ = {
			isa = PBXVariantGroup;
			children = (
				287B248C1DEED72600D654AA /* Base */,
			);
			name = Main.storyboard;
			sourceTree = "<group>";
		};
		287B24901DEED72600D654AA /* LaunchScreen.storyboard */ = {
			isa = PBXVariantGroup;
			children = (
				287B24911DEED72600D654AA /* Base */,
			);
			name = LaunchScreen.storyboard;
			sourceTree = "<group>";
		};
/* End PBXVariantGroup section */

/* Begin XCBuildConfiguration section */
		287B24941DEED72600D654AA /* Debug */ = {
			isa = XCBuildConfiguration;
			buildSettings = {
				ALWAYS_SEARCH_USER_PATHS = NO;
				CLANG_ANALYZER_NONNULL = YES;
				CLANG_CXX_LANGUAGE_STANDARD = "gnu++0x";
				CLANG_CXX_LIBRARY = "libc++";
				CLANG_ENABLE_MODULES = YES;
				CLANG_ENABLE_OBJC_ARC = YES;
				CLANG_WARN_BOOL_CONVERSION = YES;
				CLANG_WARN_CONSTANT_CONVERSION = YES;
				CLANG_WARN_DIRECT_OBJC_ISA_USAGE = YES_ERROR;
				CLANG_WARN_DOCUMENTATION_COMMENTS = YES;
				CLANG_WARN_EMPTY_BODY = YES;
				CLANG_WARN_ENUM_CONVERSION = YES;
				CLANG_WARN_INFINITE_RECURSION = YES;
				CLANG_WARN_INT_CONVERSION = YES;
				CLANG_WARN_OBJC_ROOT_CLASS = YES_ERROR;
				CLANG_WARN_SUSPICIOUS_MOVE = YES;
				CLANG_WARN_SUSPICIOUS_MOVES = YES;
				CLANG_WARN_UNREACHABLE_CODE = YES;
				CLANG_WARN__DUPLICATE_METHOD_MATCH = YES;
				"CODE_SIGN_IDENTITY[sdk=iphoneos*]" = "iPhone Developer";
				COPY_PHASE_STRIP = NO;
				DEBUG_INFORMATION_FORMAT = dwarf;
				ENABLE_STRICT_OBJC_MSGSEND = YES;
				ENABLE_TESTABILITY = YES;
				GCC_C_LANGUAGE_STANDARD = gnu99;
				GCC_DYNAMIC_NO_PIC = NO;
				GCC_NO_COMMON_BLOCKS = YES;
				GCC_OPTIMIZATION_LEVEL = 0;
				GCC_PREPROCESSOR_DEFINITIONS = (
					"DEBUG=1",
					"$(inherited)",
				);
				GCC_WARN_64_TO_32_BIT_CONVERSION = YES;
				GCC_WARN_ABOUT_RETURN_TYPE = YES_ERROR;
				GCC_WARN_UNDECLARED_SELECTOR = YES;
				GCC_WARN_UNINITIALIZED_AUTOS = YES_AGGRESSIVE;
				GCC_WARN_UNUSED_FUNCTION = YES;
				GCC_WARN_UNUSED_VARIABLE = YES;
				IPHONEOS_DEPLOYMENT_TARGET = 10.0;
				MTL_ENABLE_DEBUG_INFO = YES;
				ONLY_ACTIVE_ARCH = YES;
				SDKROOT = iphoneos;
				SWIFT_ACTIVE_COMPILATION_CONDITIONS = DEBUG;
				SWIFT_OPTIMIZATION_LEVEL = "-Onone";
			};
			name = Debug;
		};
		287B24951DEED72600D654AA /* Release */ = {
			isa = XCBuildConfiguration;
			buildSettings = {
				ALWAYS_SEARCH_USER_PATHS = NO;
				CLANG_ANALYZER_NONNULL = YES;
				CLANG_CXX_LANGUAGE_STANDARD = "gnu++0x";
				CLANG_CXX_LIBRARY = "libc++";
				CLANG_ENABLE_MODULES = YES;
				CLANG_ENABLE_OBJC_ARC = YES;
				CLANG_WARN_BOOL_CONVERSION = YES;
				CLANG_WARN_CONSTANT_CONVERSION = YES;
				CLANG_WARN_DIRECT_OBJC_ISA_USAGE = YES_ERROR;
				CLANG_WARN_DOCUMENTATION_COMMENTS = YES;
				CLANG_WARN_EMPTY_BODY = YES;
				CLANG_WARN_ENUM_CONVERSION = YES;
				CLANG_WARN_INFINITE_RECURSION = YES;
				CLANG_WARN_INT_CONVERSION = YES;
				CLANG_WARN_OBJC_ROOT_CLASS = YES_ERROR;
				CLANG_WARN_SUSPICIOUS_MOVE = YES;
				CLANG_WARN_SUSPICIOUS_MOVES = YES;
				CLANG_WARN_UNREACHABLE_CODE = YES;
				CLANG_WARN__DUPLICATE_METHOD_MATCH = YES;
				"CODE_SIGN_IDENTITY[sdk=iphoneos*]" = "iPhone Developer";
				COPY_PHASE_STRIP = NO;
				DEBUG_INFORMATION_FORMAT = "dwarf-with-dsym";
				ENABLE_NS_ASSERTIONS = NO;
				ENABLE_STRICT_OBJC_MSGSEND = YES;
				GCC_C_LANGUAGE_STANDARD = gnu99;
				GCC_NO_COMMON_BLOCKS = YES;
				GCC_WARN_64_TO_32_BIT_CONVERSION = YES;
				GCC_WARN_ABOUT_RETURN_TYPE = YES_ERROR;
				GCC_WARN_UNDECLARED_SELECTOR = YES;
				GCC_WARN_UNINITIALIZED_AUTOS = YES_AGGRESSIVE;
				GCC_WARN_UNUSED_FUNCTION = YES;
				GCC_WARN_UNUSED_VARIABLE = YES;
				IPHONEOS_DEPLOYMENT_TARGET = 10.0;
				MTL_ENABLE_DEBUG_INFO = NO;
				SDKROOT = iphoneos;
				SWIFT_OPTIMIZATION_LEVEL = "-Owholemodule";
				VALIDATE_PRODUCT = YES;
			};
			name = Release;
		};
		287B24971DEED72600D654AA /* Debug */ = {
			isa = XCBuildConfiguration;
			baseConfigurationReference = E2DE454C18F4BA0206AF6B67 /* Pods-BicycleNew.debug.xcconfig */;
			buildSettings = {
				ALWAYS_EMBED_SWIFT_STANDARD_LIBRARIES = YES;
				ASSETCATALOG_COMPILER_APPICON_NAME = AppIcon;
				CLANG_ENABLE_MODULES = YES;
				CLANG_ENABLE_OBJC_ARC = YES;
				DEFINES_MODULE = YES;
				DEVELOPMENT_TEAM = 456564KGM3;
				ENABLE_BITCODE = NO;
				FRAMEWORK_SEARCH_PATHS = (
					"$(inherited)",
					"$(PROJECT_DIR)",
				);
				INFOPLIST_FILE = BicycleNew/Info.plist;
				LD_RUNPATH_SEARCH_PATHS = "$(inherited) @executable_path/Frameworks";
				LIBRARY_SEARCH_PATHS = (
					"$(PROJECT_DIR)",
					"$(PROJECT_DIR)/BicycleNew/lib",
				);
				OTHER_LDFLAGS = (
					"$(inherited)",
					"-ObjC",
					"-all_load",
				);
				PRODUCT_BUNDLE_IDENTIFIER = IJI.BicycleNew;
				PRODUCT_NAME = "$(TARGET_NAME)";
				SWIFT_OBJC_BRIDGING_HEADER = "BicycleNew/BicycleNew-Bridging-Header.h";
				SWIFT_OPTIMIZATION_LEVEL = "-Onone";
				SWIFT_VERSION = 3.0;
			};
			name = Debug;
		};
		287B24981DEED72600D654AA /* Release */ = {
			isa = XCBuildConfiguration;
			baseConfigurationReference = F621ABC1190596D6BABF8297 /* Pods-BicycleNew.release.xcconfig */;
			buildSettings = {
				ALWAYS_EMBED_SWIFT_STANDARD_LIBRARIES = YES;
				ASSETCATALOG_COMPILER_APPICON_NAME = AppIcon;
				CLANG_ENABLE_MODULES = YES;
				CLANG_ENABLE_OBJC_ARC = YES;
				DEFINES_MODULE = YES;
				DEVELOPMENT_TEAM = 456564KGM3;
				ENABLE_BITCODE = NO;
				FRAMEWORK_SEARCH_PATHS = (
					"$(inherited)",
					"$(PROJECT_DIR)",
				);
				INFOPLIST_FILE = BicycleNew/Info.plist;
				LD_RUNPATH_SEARCH_PATHS = "$(inherited) @executable_path/Frameworks";
				LIBRARY_SEARCH_PATHS = (
					"$(PROJECT_DIR)",
					"$(PROJECT_DIR)/BicycleNew/lib",
				);
				OTHER_LDFLAGS = (
					"$(inherited)",
					"-ObjC",
					"-all_load",
				);
				PRODUCT_BUNDLE_IDENTIFIER = IJI.BicycleNew;
				PRODUCT_NAME = "$(TARGET_NAME)";
				SWIFT_OBJC_BRIDGING_HEADER = "BicycleNew/BicycleNew-Bridging-Header.h";
				SWIFT_VERSION = 3.0;
			};
			name = Release;
		};
/* End XCBuildConfiguration section */

/* Begin XCConfigurationList section */
		287B247F1DEED72600D654AA /* Build configuration list for PBXProject "BicycleNew" */ = {
			isa = XCConfigurationList;
			buildConfigurations = (
				287B24941DEED72600D654AA /* Debug */,
				287B24951DEED72600D654AA /* Release */,
			);
			defaultConfigurationIsVisible = 0;
			defaultConfigurationName = Release;
		};
		287B24961DEED72600D654AA /* Build configuration list for PBXNativeTarget "BicycleNew" */ = {
			isa = XCConfigurationList;
			buildConfigurations = (
				287B24971DEED72600D654AA /* Debug */,
				287B24981DEED72600D654AA /* Release */,
			);
			defaultConfigurationIsVisible = 0;
			defaultConfigurationName = Release;
		};
/* End XCConfigurationList section */
	};
	rootObject = 287B247C1DEED72600D654AA /* Project object */;
}
