// !$*UTF8*$!
{
	archiveVersion = 1;
	classes = {
	};
	objectVersion = 46;
	objects = {

/* Begin PBXBuildFile section */
		287B24881DEED72600D654AA /* AppDelegate.swift in Sources */ = {isa = PBXBuildFile; fileRef = 287B24871DEED72600D654AA /* AppDelegate.swift */; };
		287B248A1DEED72600D654AA /* ViewController.swift in Sources */ = {isa = PBXBuildFile; fileRef = 287B24891DEED72600D654AA /* ViewController.swift */; };
		287B248D1DEED72600D654AA /* Main.storyboard in Resources */ = {isa = PBXBuildFile; fileRef = 287B248B1DEED72600D654AA /* Main.storyboard */; };
		287B248F1DEED72600D654AA /* Assets.xcassets in Resources */ = {isa = PBXBuildFile; fileRef = 287B248E1DEED72600D654AA /* Assets.xcassets */; };
		287B24921DEED72600D654AA /* LaunchScreen.storyboard in Resources */ = {isa = PBXBuildFile; fileRef = 287B24901DEED72600D654AA /* LaunchScreen.storyboard */; };
/* End PBXBuildFile section */

/* Begin PBXFileReference section */
		287B24841DEED72600D654AA /* BicycleNew.app */ = {isa = PBXFileReference; explicitFileType = wrapper.application; includeInIndex = 0; path = BicycleNew.app; sourceTree = BUILT_PRODUCTS_DIR; };
		287B24871DEED72600D654AA /* AppDelegate.swift */ = {isa = PBXFileReference; lastKnownFileType = sourcecode.swift; path = AppDelegate.swift; sourceTree = "<group>"; };
		287B24891DEED72600D654AA /* ViewController.swift */ = {isa = PBXFileReference; lastKnownFileType = sourcecode.swift; path = ViewController.swift; sourceTree = "<group>"; };
		287B248C1DEED72600D654AA /* Base */ = {isa = PBXFileReference; lastKnownFileType = file.storyboard; name = Base; path = Base.lproj/Main.storyboard; sourceTree = "<group>"; };
		287B248E1DEED72600D654AA /* Assets.xcassets */ = {isa = PBXFileReference; lastKnownFileType = folder.assetcatalog; path = Assets.xcassets; sourceTree = "<group>"; };
		287B24911DEED72600D654AA /* Base */ = {isa = PBXFileReference; lastKnownFileType = file.storyboard; name = Base; path = Base.lproj/LaunchScreen.storyboard; sourceTree = "<group>"; };
		287B24931DEED72600D654AA /* Info.plist */ = {isa = PBXFileReference; lastKnownFileType = text.plist.xml; path = Info.plist; sourceTree = "<group>"; };
/* End PBXFileReference section */

/* Begin PBXFrameworksBuildPhase section */
		287B24811DEED72600D654AA /* Frameworks */ = {
			isa = PBXFrameworksBuildPhase;
			buildActionMask = 2147483647;
			files = (
			);
			runOnlyForDeploymentPostprocessing = 0;
		};
/* End PBXFrameworksBuildPhase section */

/* Begin PBXGroup section */
		287B247B1DEED72600D654AA = {
			isa = PBXGroup;
			children = (
				287B24861DEED72600D654AA /* BicycleNew */,
				287B24851DEED72600D654AA /* Products */,
			);
			sourceTree = "<group>";
		};
		287B24851DEED72600D654AA /* Products */ = {
			isa = PBXGroup;
			children = (
				287B24841DEED72600D654AA /* BicycleNew.app */,
			);
			name = Products;
			sourceTree = "<group>";
		};
		287B24861DEED72600D654AA /* BicycleNew */ = {
			isa = PBXGroup;
			children = (
				287B24871DEED72600D654AA /* AppDelegate.swift */,
				287B24891DEED72600D654AA /* ViewController.swift */,
				287B248B1DEED72600D654AA /* Main.storyboard */,
				287B248E1DEED72600D654AA /* Assets.xcassets */,
				287B24901DEED72600D654AA /* LaunchScreen.storyboard */,
				287B24931DEED72600D654AA /* Info.plist */,
			);
			path = BicycleNew;
			sourceTree = "<group>";
		};
/* End PBXGroup section */

/* Begin PBXNativeTarget section */
		287B24831DEED72600D654AA /* BicycleNew */ = {
			isa = PBXNativeTarget;
			buildConfigurationList = 287B24961DEED72600D654AA /* Build configuration list for PBXNativeTarget "BicycleNew" */;
			buildPhases = (
				287B24801DEED72600D654AA /* Sources */,
				287B24811DEED72600D654AA /* Frameworks */,
				287B24821DEED72600D654AA /* Resources */,
			);
			buildRules = (
			);
			dependencies = (
			);
			name = BicycleNew;
			productName = BicycleNew;
			productReference = 287B24841DEED72600D654AA /* BicycleNew.app */;
			productType = "com.apple.product-type.application";
		};
/* End PBXNativeTarget section */

/* Begin PBXProject section */
		287B247C1DEED72600D654AA /* Project object */ = {
			isa = PBXProject;
			attributes = {
				LastSwiftUpdateCheck = 0810;
				LastUpgradeCheck = 0810;
				ORGANIZATIONNAME = "JeaSung Park";
				TargetAttributes = {
					287B24831DEED72600D654AA = {
						CreatedOnToolsVersion = 8.1;
						DevelopmentTeam = 456564KGM3;
						ProvisioningStyle = Automatic;
					};
				};
			};
			buildConfigurationList = 287B247F1DEED72600D654AA /* Build configuration list for PBXProject "BicycleNew" */;
			compatibilityVersion = "Xcode 3.2";
			developmentRegion = English;
			hasScannedForEncodings = 0;
			knownRegions = (
				en,
				Base,
			);
			mainGroup = 287B247B1DEED72600D654AA;
			productRefGroup = 287B24851DEED72600D654AA /* Products */;
			projectDirPath = "";
			projectRoot = "";
			targets = (
				287B24831DEED72600D654AA /* BicycleNew */,
			);
		};
/* End PBXProject section */

/* Begin PBXResourcesBuildPhase section */
		287B24821DEED72600D654AA /* Resources */ = {
			isa = PBXResourcesBuildPhase;
			buildActionMask = 2147483647;
			files = (
				287B24921DEED72600D654AA /* LaunchScreen.storyboard in Resources */,
				287B248F1DEED72600D654AA /* Assets.xcassets in Resources */,
				287B248D1DEED72600D654AA /* Main.storyboard in Resources */,
			);
			runOnlyForDeploymentPostprocessing = 0;
		};
/* End PBXResourcesBuildPhase section */

/* Begin PBXSourcesBuildPhase section */
		287B24801DEED72600D654AA /* Sources */ = {
			isa = PBXSourcesBuildPhase;
			buildActionMask = 2147483647;
			files = (
				287B248A1DEED72600D654AA /* ViewController.swift in Sources */,
				287B24881DEED72600D654AA /* AppDelegate.swift in Sources */,
			);
			runOnlyForDeploymentPostprocessing = 0;
		};
/* End PBXSourcesBuildPhase section */

/* Begin PBXVariantGroup section */
		287B248B1DEED72600D654AA /* Main.storyboard */ = {
			isa = PBXVariantGroup;
			children = (
				287B248C1DEED72600D654AA /* Base */,
			);
			name = Main.storyboard;
			sourceTree = "<group>";
		};
		287B24901DEED72600D654AA /* LaunchScreen.storyboard */ = {
			isa = PBXVariantGroup;
			children = (
				287B24911DEED72600D654AA /* Base */,
			);
			name = LaunchScreen.storyboard;
			sourceTree = "<group>";
		};
/* End PBXVariantGroup section */

/* Begin XCBuildConfiguration section */
		287B24941DEED72600D654AA /* Debug */ = {
			isa = XCBuildConfiguration;
			buildSettings = {
				ALWAYS_SEARCH_USER_PATHS = NO;
				CLANG_ANALYZER_NONNULL = YES;
				CLANG_CXX_LANGUAGE_STANDARD = "gnu++0x";
				CLANG_CXX_LIBRARY = "libc++";
				CLANG_ENABLE_MODULES = YES;
				CLANG_ENABLE_OBJC_ARC = YES;
				CLANG_WARN_BOOL_CONVERSION = YES;
				CLANG_WARN_CONSTANT_CONVERSION = YES;
				CLANG_WARN_DIRECT_OBJC_ISA_USAGE = YES_ERROR;
				CLANG_WARN_DOCUMENTATION_COMMENTS = YES;
				CLANG_WARN_EMPTY_BODY = YES;
				CLANG_WARN_ENUM_CONVERSION = YES;
				CLANG_WARN_INFINITE_RECURSION = YES;
				CLANG_WARN_INT_CONVERSION = YES;
				CLANG_WARN_OBJC_ROOT_CLASS = YES_ERROR;
				CLANG_WARN_SUSPICIOUS_MOVES = YES;
				CLANG_WARN_UNREACHABLE_CODE = YES;
				CLANG_WARN__DUPLICATE_METHOD_MATCH = YES;
				"CODE_SIGN_IDENTITY[sdk=iphoneos*]" = "iPhone Developer";
				COPY_PHASE_STRIP = NO;
				DEBUG_INFORMATION_FORMAT = dwarf;
				ENABLE_STRICT_OBJC_MSGSEND = YES;
				ENABLE_TESTABILITY = YES;
				GCC_C_LANGUAGE_STANDARD = gnu99;
				GCC_DYNAMIC_NO_PIC = NO;
				GCC_NO_COMMON_BLOCKS = YES;
				GCC_OPTIMIZATION_LEVEL = 0;
				GCC_PREPROCESSOR_DEFINITIONS = (
					"DEBUG=1",
					"$(inherited)",
				);
				GCC_WARN_64_TO_32_BIT_CONVERSION = YES;
				GCC_WARN_ABOUT_RETURN_TYPE = YES_ERROR;
				GCC_WARN_UNDECLARED_SELECTOR = YES;
				GCC_WARN_UNINITIALIZED_AUTOS = YES_AGGRESSIVE;
				GCC_WARN_UNUSED_FUNCTION = YES;
				GCC_WARN_UNUSED_VARIABLE = YES;
				IPHONEOS_DEPLOYMENT_TARGET = 10.1;
				MTL_ENABLE_DEBUG_INFO = YES;
				ONLY_ACTIVE_ARCH = YES;
				SDKROOT = iphoneos;
				SWIFT_ACTIVE_COMPILATION_CONDITIONS = DEBUG;
				SWIFT_OPTIMIZATION_LEVEL = "-Onone";
			};
			name = Debug;
		};
		287B24951DEED72600D654AA /* Release */ = {
			isa = XCBuildConfiguration;
			buildSettings = {
				ALWAYS_SEARCH_USER_PATHS = NO;
				CLANG_ANALYZER_NONNULL = YES;
				CLANG_CXX_LANGUAGE_STANDARD = "gnu++0x";
				CLANG_CXX_LIBRARY = "libc++";
				CLANG_ENABLE_MODULES = YES;
				CLANG_ENABLE_OBJC_ARC = YES;
				CLANG_WARN_BOOL_CONVERSION = YES;
				CLANG_WARN_CONSTANT_CONVERSION = YES;
				CLANG_WARN_DIRECT_OBJC_ISA_USAGE = YES_ERROR;
				CLANG_WARN_DOCUMENTATION_COMMENTS = YES;
				CLANG_WARN_EMPTY_BODY = YES;
				CLANG_WARN_ENUM_CONVERSION = YES;
				CLANG_WARN_INFINITE_RECURSION = YES;
				CLANG_WARN_INT_CONVERSION = YES;
				CLANG_WARN_OBJC_ROOT_CLASS = YES_ERROR;
				CLANG_WARN_SUSPICIOUS_MOVES = YES;
				CLANG_WARN_UNREACHABLE_CODE = YES;
				CLANG_WARN__DUPLICATE_METHOD_MATCH = YES;
				"CODE_SIGN_IDENTITY[sdk=iphoneos*]" = "iPhone Developer";
				COPY_PHASE_STRIP = NO;
				DEBUG_INFORMATION_FORMAT = "dwarf-with-dsym";
				ENABLE_NS_ASSERTIONS = NO;
				ENABLE_STRICT_OBJC_MSGSEND = YES;
				GCC_C_LANGUAGE_STANDARD = gnu99;
				GCC_NO_COMMON_BLOCKS = YES;
				GCC_WARN_64_TO_32_BIT_CONVERSION = YES;
				GCC_WARN_ABOUT_RETURN_TYPE = YES_ERROR;
				GCC_WARN_UNDECLARED_SELECTOR = YES;
				GCC_WARN_UNINITIALIZED_AUTOS = YES_AGGRESSIVE;
				GCC_WARN_UNUSED_FUNCTION = YES;
				GCC_WARN_UNUSED_VARIABLE = YES;
				IPHONEOS_DEPLOYMENT_TARGET = 10.1;
				MTL_ENABLE_DEBUG_INFO = NO;
				SDKROOT = iphoneos;
				SWIFT_OPTIMIZATION_LEVEL = "-Owholemodule";
				VALIDATE_PRODUCT = YES;
			};
			name = Release;
		};
		287B24971DEED72600D654AA /* Debug */ = {
			isa = XCBuildConfiguration;
			buildSettings = {
				ASSETCATALOG_COMPILER_APPICON_NAME = AppIcon;
				DEVELOPMENT_TEAM = 456564KGM3;
				INFOPLIST_FILE = BicycleNew/Info.plist;
				LD_RUNPATH_SEARCH_PATHS = "$(inherited) @executable_path/Frameworks";
				PRODUCT_BUNDLE_IDENTIFIER = IJI.BicycleNew;
				PRODUCT_NAME = "$(TARGET_NAME)";
				SWIFT_VERSION = 3.0;
			};
			name = Debug;
		};
		287B24981DEED72600D654AA /* Release */ = {
			isa = XCBuildConfiguration;
			buildSettings = {
				ASSETCATALOG_COMPILER_APPICON_NAME = AppIcon;
				DEVELOPMENT_TEAM = 456564KGM3;
				INFOPLIST_FILE = BicycleNew/Info.plist;
				LD_RUNPATH_SEARCH_PATHS = "$(inherited) @executable_path/Frameworks";
				PRODUCT_BUNDLE_IDENTIFIER = IJI.BicycleNew;
				PRODUCT_NAME = "$(TARGET_NAME)";
				SWIFT_VERSION = 3.0;
			};
			name = Release;
		};
/* End XCBuildConfiguration section */

/* Begin XCConfigurationList section */
		287B247F1DEED72600D654AA /* Build configuration list for PBXProject "BicycleNew" */ = {
			isa = XCConfigurationList;
			buildConfigurations = (
				287B24941DEED72600D654AA /* Debug */,
				287B24951DEED72600D654AA /* Release */,
			);
			defaultConfigurationIsVisible = 0;
			defaultConfigurationName = Release;
		};
		287B24961DEED72600D654AA /* Build configuration list for PBXNativeTarget "BicycleNew" */ = {
			isa = XCConfigurationList;
			buildConfigurations = (
				287B24971DEED72600D654AA /* Debug */,
				287B24981DEED72600D654AA /* Release */,
			);
			defaultConfigurationIsVisible = 0;
		};
/* End XCConfigurationList section */
	};
	rootObject = 287B247C1DEED72600D654AA /* Project object */;
}
